
Microsoft Visual Studio Solution File, Format Version 12.00
# Visual Studio Version 17
VisualStudioVersion = 17.10.35004.147
MinimumVisualStudioVersion = 10.0.40219.1
Project("{FAE04EC0-301F-11D3-BF4B-00C04F79EFBC}") = "Lab2_Ques3", "Lab2_Ques3\Lab2_Ques3.csproj", "{765E3675-6BBE-452D-B1D0-B7657A8609E5}"
EndProject
Global
	GlobalSection(SolutionConfigurationPlatforms) = preSolution
		Debug|Any CPU = Debug|Any CPU
		Release|Any CPU = Release|Any CPU
	EndGlobalSection
	GlobalSection(ProjectConfigurationPlatforms) = postSolution
		{765E3675-6BBE-452D-B1D0-B7657A8609E5}.Debug|Any CPU.ActiveCfg = Debug|Any CPU
		{765E3675-6BBE-452D-B1D0-B7657A8609E5}.Debug|Any CPU.Build.0 = Debug|Any CPU
		{765E3675-6BBE-452D-B1D0-B7657A8609E5}.Release|Any CPU.ActiveCfg = Release|Any CPU
		{765E3675-6BBE-452D-B1D0-B7657A8609E5}.Release|Any CPU.Build.0 = Release|Any CPU
	EndGlobalSection
	GlobalSection(SolutionProperties) = preSolution
		HideSolutionNode = FALSE
	EndGlobalSection
	GlobalSection(ExtensibilityGlobals) = postSolution
		SolutionGuid = {C7F9A777-92DC-4DB1-9DEB-80738B78D4FC}
	EndGlobalSection
EndGlobal
